// !$*UTF8*$!
{
	archiveVersion = 1;
	classes = {
	};
	objectVersion = 55;
	objects = {

/* Begin PBXBuildFile section */
		5C3DD53C279E804F00D1E63E /* AppDelegate.swift in Sources */ = {isa = PBXBuildFile; fileRef = 5C3DD53B279E804F00D1E63E /* AppDelegate.swift */; };
		5C3DD53E279E804F00D1E63E /* SceneDelegate.swift in Sources */ = {isa = PBXBuildFile; fileRef = 5C3DD53D279E804F00D1E63E /* SceneDelegate.swift */; };
		5C3DD540279E804F00D1E63E /* ViewController.swift in Sources */ = {isa = PBXBuildFile; fileRef = 5C3DD53F279E804F00D1E63E /* ViewController.swift */; };
		5C3DD543279E804F00D1E63E /* Main.storyboard in Resources */ = {isa = PBXBuildFile; fileRef = 5C3DD541279E804F00D1E63E /* Main.storyboard */; };
		5C3DD546279E804F00D1E63E /* checkListPetProject.xcdatamodeld in Sources */ = {isa = PBXBuildFile; fileRef = 5C3DD544279E804F00D1E63E /* checkListPetProject.xcdatamodeld */; };
		5C3DD548279E805000D1E63E /* Assets.xcassets in Resources */ = {isa = PBXBuildFile; fileRef = 5C3DD547279E805000D1E63E /* Assets.xcassets */; };
		5C3DD54B279E805000D1E63E /* LaunchScreen.storyboard in Resources */ = {isa = PBXBuildFile; fileRef = 5C3DD549279E805000D1E63E /* LaunchScreen.storyboard */; };
		5C3DD556279E805000D1E63E /* checkListPetProjectTests.swift in Sources */ = {isa = PBXBuildFile; fileRef = 5C3DD555279E805000D1E63E /* checkListPetProjectTests.swift */; };
		5C3DD560279E805000D1E63E /* checkListPetProjectUITests.swift in Sources */ = {isa = PBXBuildFile; fileRef = 5C3DD55F279E805000D1E63E /* checkListPetProjectUITests.swift */; };
		5C3DD562279E805000D1E63E /* checkListPetProjectUITestsLaunchTests.swift in Sources */ = {isa = PBXBuildFile; fileRef = 5C3DD561279E805000D1E63E /* checkListPetProjectUITestsLaunchTests.swift */; };
/* End PBXBuildFile section */

/* Begin PBXContainerItemProxy section */
		5C3DD552279E805000D1E63E /* PBXContainerItemProxy */ = {
			isa = PBXContainerItemProxy;
			containerPortal = 5C3DD530279E804F00D1E63E /* Project object */;
			proxyType = 1;
			remoteGlobalIDString = 5C3DD537279E804F00D1E63E;
			remoteInfo = checkListPetProject;
		};
		5C3DD55C279E805000D1E63E /* PBXContainerItemProxy */ = {
			isa = PBXContainerItemProxy;
			containerPortal = 5C3DD530279E804F00D1E63E /* Project object */;
			proxyType = 1;
			remoteGlobalIDString = 5C3DD537279E804F00D1E63E;
			remoteInfo = checkListPetProject;
		};
/* End PBXContainerItemProxy section */

/* Begin PBXFileReference section */
		5C3DD538279E804F00D1E63E /* checkListPetProject.app */ = {isa = PBXFileReference; explicitFileType = wrapper.application; includeInIndex = 0; path = checkListPetProject.app; sourceTree = BUILT_PRODUCTS_DIR; };
		5C3DD53B279E804F00D1E63E /* AppDelegate.swift */ = {isa = PBXFileReference; lastKnownFileType = sourcecode.swift; path = AppDelegate.swift; sourceTree = "<group>"; };
		5C3DD53D279E804F00D1E63E /* SceneDelegate.swift */ = {isa = PBXFileReference; lastKnownFileType = sourcecode.swift; path = SceneDelegate.swift; sourceTree = "<group>"; };
		5C3DD53F279E804F00D1E63E /* ViewController.swift */ = {isa = PBXFileReference; lastKnownFileType = sourcecode.swift; path = ViewController.swift; sourceTree = "<group>"; };
		5C3DD542279E804F00D1E63E /* Base */ = {isa = PBXFileReference; lastKnownFileType = file.storyboard; name = Base; path = Base.lproj/Main.storyboard; sourceTree = "<group>"; };
		5C3DD545279E804F00D1E63E /* checkListPetProject.xcdatamodel */ = {isa = PBXFileReference; lastKnownFileType = wrapper.xcdatamodel; path = checkListPetProject.xcdatamodel; sourceTree = "<group>"; };
		5C3DD547279E805000D1E63E /* Assets.xcassets */ = {isa = PBXFileReference; lastKnownFileType = folder.assetcatalog; path = Assets.xcassets; sourceTree = "<group>"; };
		5C3DD54A279E805000D1E63E /* Base */ = {isa = PBXFileReference; lastKnownFileType = file.storyboard; name = Base; path = Base.lproj/LaunchScreen.storyboard; sourceTree = "<group>"; };
		5C3DD54C279E805000D1E63E /* Info.plist */ = {isa = PBXFileReference; lastKnownFileType = text.plist.xml; path = Info.plist; sourceTree = "<group>"; };
		5C3DD551279E805000D1E63E /* checkListPetProjectTests.xctest */ = {isa = PBXFileReference; explicitFileType = wrapper.cfbundle; includeInIndex = 0; path = checkListPetProjectTests.xctest; sourceTree = BUILT_PRODUCTS_DIR; };
		5C3DD555279E805000D1E63E /* checkListPetProjectTests.swift */ = {isa = PBXFileReference; lastKnownFileType = sourcecode.swift; path = checkListPetProjectTests.swift; sourceTree = "<group>"; };
		5C3DD55B279E805000D1E63E /* checkListPetProjectUITests.xctest */ = {isa = PBXFileReference; explicitFileType = wrapper.cfbundle; includeInIndex = 0; path = checkListPetProjectUITests.xctest; sourceTree = BUILT_PRODUCTS_DIR; };
		5C3DD55F279E805000D1E63E /* checkListPetProjectUITests.swift */ = {isa = PBXFileReference; lastKnownFileType = sourcecode.swift; path = checkListPetProjectUITests.swift; sourceTree = "<group>"; };
		5C3DD561279E805000D1E63E /* checkListPetProjectUITestsLaunchTests.swift */ = {isa = PBXFileReference; lastKnownFileType = sourcecode.swift; path = checkListPetProjectUITestsLaunchTests.swift; sourceTree = "<group>"; };
/* End PBXFileReference section */

/* Begin PBXFrameworksBuildPhase section */
		5C3DD535279E804F00D1E63E /* Frameworks */ = {
			isa = PBXFrameworksBuildPhase;
			buildActionMask = 2147483647;
			files = (
			);
			runOnlyForDeploymentPostprocessing = 0;
		};
		5C3DD54E279E805000D1E63E /* Frameworks */ = {
			isa = PBXFrameworksBuildPhase;
			buildActionMask = 2147483647;
			files = (
			);
			runOnlyForDeploymentPostprocessing = 0;
		};
		5C3DD558279E805000D1E63E /* Frameworks */ = {
			isa = PBXFrameworksBuildPhase;
			buildActionMask = 2147483647;
			files = (
			);
			runOnlyForDeploymentPostprocessing = 0;
		};
/* End PBXFrameworksBuildPhase section */

/* Begin PBXGroup section */
		5C3DD52F279E804F00D1E63E = {
			isa = PBXGroup;
			children = (
				5C3DD53A279E804F00D1E63E /* checkListPetProject */,
				5C3DD554279E805000D1E63E /* checkListPetProjectTests */,
				5C3DD55E279E805000D1E63E /* checkListPetProjectUITests */,
				5C3DD539279E804F00D1E63E /* Products */,
			);
			sourceTree = "<group>";
		};
		5C3DD539279E804F00D1E63E /* Products */ = {
			isa = PBXGroup;
			children = (
				5C3DD538279E804F00D1E63E /* checkListPetProject.app */,
				5C3DD551279E805000D1E63E /* checkListPetProjectTests.xctest */,
				5C3DD55B279E805000D1E63E /* checkListPetProjectUITests.xctest */,
			);
			name = Products;
			sourceTree = "<group>";
		};
		5C3DD53A279E804F00D1E63E /* checkListPetProject */ = {
			isa = PBXGroup;
			children = (
				5C3DD53B279E804F00D1E63E /* AppDelegate.swift */,
				5C3DD53D279E804F00D1E63E /* SceneDelegate.swift */,
				5C3DD53F279E804F00D1E63E /* ViewController.swift */,
				5C3DD541279E804F00D1E63E /* Main.storyboard */,
				5C3DD547279E805000D1E63E /* Assets.xcassets */,
				5C3DD549279E805000D1E63E /* LaunchScreen.storyboard */,
				5C3DD54C279E805000D1E63E /* Info.plist */,
				5C3DD544279E804F00D1E63E /* checkListPetProject.xcdatamodeld */,
			);
			path = checkListPetProject;
			sourceTree = "<group>";
		};
		5C3DD554279E805000D1E63E /* checkListPetProjectTests */ = {
			isa = PBXGroup;
			children = (
				5C3DD555279E805000D1E63E /* checkListPetProjectTests.swift */,
			);
			path = checkListPetProjectTests;
			sourceTree = "<group>";
		};
		5C3DD55E279E805000D1E63E /* checkListPetProjectUITests */ = {
			isa = PBXGroup;
			children = (
				5C3DD55F279E805000D1E63E /* checkListPetProjectUITests.swift */,
				5C3DD561279E805000D1E63E /* checkListPetProjectUITestsLaunchTests.swift */,
			);
			path = checkListPetProjectUITests;
			sourceTree = "<group>";
		};
/* End PBXGroup section */

/* Begin PBXNativeTarget section */
		5C3DD537279E804F00D1E63E /* checkListPetProject */ = {
			isa = PBXNativeTarget;
			buildConfigurationList = 5C3DD565279E805000D1E63E /* Build configuration list for PBXNativeTarget "checkListPetProject" */;
			buildPhases = (
				5C3DD534279E804F00D1E63E /* Sources */,
				5C3DD535279E804F00D1E63E /* Frameworks */,
				5C3DD536279E804F00D1E63E /* Resources */,
			);
			buildRules = (
			);
			dependencies = (
			);
			name = checkListPetProject;
			productName = checkListPetProject;
			productReference = 5C3DD538279E804F00D1E63E /* checkListPetProject.app */;
			productType = "com.apple.product-type.application";
		};
		5C3DD550279E805000D1E63E /* checkListPetProjectTests */ = {
			isa = PBXNativeTarget;
			buildConfigurationList = 5C3DD568279E805000D1E63E /* Build configuration list for PBXNativeTarget "checkListPetProjectTests" */;
			buildPhases = (
				5C3DD54D279E805000D1E63E /* Sources */,
				5C3DD54E279E805000D1E63E /* Frameworks */,
				5C3DD54F279E805000D1E63E /* Resources */,
			);
			buildRules = (
			);
			dependencies = (
				5C3DD553279E805000D1E63E /* PBXTargetDependency */,
			);
			name = checkListPetProjectTests;
			productName = checkListPetProjectTests;
			productReference = 5C3DD551279E805000D1E63E /* checkListPetProjectTests.xctest */;
			productType = "com.apple.product-type.bundle.unit-test";
		};
		5C3DD55A279E805000D1E63E /* checkListPetProjectUITests */ = {
			isa = PBXNativeTarget;
			buildConfigurationList = 5C3DD56B279E805000D1E63E /* Build configuration list for PBXNativeTarget "checkListPetProjectUITests" */;
			buildPhases = (
				5C3DD557279E805000D1E63E /* Sources */,
				5C3DD558279E805000D1E63E /* Frameworks */,
				5C3DD559279E805000D1E63E /* Resources */,
			);
			buildRules = (
			);
			dependencies = (
				5C3DD55D279E805000D1E63E /* PBXTargetDependency */,
			);
			name = checkListPetProjectUITests;
			productName = checkListPetProjectUITests;
			productReference = 5C3DD55B279E805000D1E63E /* checkListPetProjectUITests.xctest */;
			productType = "com.apple.product-type.bundle.ui-testing";
		};
/* End PBXNativeTarget section */

/* Begin PBXProject section */
		5C3DD530279E804F00D1E63E /* Project object */ = {
			isa = PBXProject;
			attributes = {
				BuildIndependentTargetsInParallel = 1;
				LastSwiftUpdateCheck = 1320;
				LastUpgradeCheck = 1320;
				TargetAttributes = {
					5C3DD537279E804F00D1E63E = {
						CreatedOnToolsVersion = 13.2.1;
					};
					5C3DD550279E805000D1E63E = {
						CreatedOnToolsVersion = 13.2.1;
						TestTargetID = 5C3DD537279E804F00D1E63E;
					};
					5C3DD55A279E805000D1E63E = {
						CreatedOnToolsVersion = 13.2.1;
						TestTargetID = 5C3DD537279E804F00D1E63E;
					};
				};
			};
			buildConfigurationList = 5C3DD533279E804F00D1E63E /* Build configuration list for PBXProject "checkListPetProject" */;
			compatibilityVersion = "Xcode 13.0";
			developmentRegion = en;
			hasScannedForEncodings = 0;
			knownRegions = (
				en,
				Base,
			);
			mainGroup = 5C3DD52F279E804F00D1E63E;
			productRefGroup = 5C3DD539279E804F00D1E63E /* Products */;
			projectDirPath = "";
			projectRoot = "";
			targets = (
				5C3DD537279E804F00D1E63E /* checkListPetProject */,
				5C3DD550279E805000D1E63E /* checkListPetProjectTests */,
				5C3DD55A279E805000D1E63E /* checkListPetProjectUITests */,
			);
		};
/* End PBXProject section */

/* Begin PBXResourcesBuildPhase section */
		5C3DD536279E804F00D1E63E /* Resources */ = {
			isa = PBXResourcesBuildPhase;
			buildActionMask = 2147483647;
			files = (
				5C3DD54B279E805000D1E63E /* LaunchScreen.storyboard in Resources */,
				5C3DD548279E805000D1E63E /* Assets.xcassets in Resources */,
				5C3DD543279E804F00D1E63E /* Main.storyboard in Resources */,
			);
			runOnlyForDeploymentPostprocessing = 0;
		};
		5C3DD54F279E805000D1E63E /* Resources */ = {
			isa = PBXResourcesBuildPhase;
			buildActionMask = 2147483647;
			files = (
			);
			runOnlyForDeploymentPostprocessing = 0;
		};
		5C3DD559279E805000D1E63E /* Resources */ = {
			isa = PBXResourcesBuildPhase;
			buildActionMask = 2147483647;
			files = (
			);
			runOnlyForDeploymentPostprocessing = 0;
		};
/* End PBXResourcesBuildPhase section */

/* Begin PBXSourcesBuildPhase section */
		5C3DD534279E804F00D1E63E /* Sources */ = {
			isa = PBXSourcesBuildPhase;
			buildActionMask = 2147483647;
			files = (
				5C3DD546279E804F00D1E63E /* checkListPetProject.xcdatamodeld in Sources */,
				5C3DD540279E804F00D1E63E /* ViewController.swift in Sources */,
				5C3DD53C279E804F00D1E63E /* AppDelegate.swift in Sources */,
				5C3DD53E279E804F00D1E63E /* SceneDelegate.swift in Sources */,
			);
			runOnlyForDeploymentPostprocessing = 0;
		};
		5C3DD54D279E805000D1E63E /* Sources */ = {
			isa = PBXSourcesBuildPhase;
			buildActionMask = 2147483647;
			files = (
				5C3DD556279E805000D1E63E /* checkListPetProjectTests.swift in Sources */,
			);
			runOnlyForDeploymentPostprocessing = 0;
		};
		5C3DD557279E805000D1E63E /* Sources */ = {
			isa = PBXSourcesBuildPhase;
			buildActionMask = 2147483647;
			files = (
				5C3DD560279E805000D1E63E /* checkListPetProjectUITests.swift in Sources */,
				5C3DD562279E805000D1E63E /* checkListPetProjectUITestsLaunchTests.swift in Sources */,
			);
			runOnlyForDeploymentPostprocessing = 0;
		};
/* End PBXSourcesBuildPhase section */

/* Begin PBXTargetDependency section */
		5C3DD553279E805000D1E63E /* PBXTargetDependency */ = {
			isa = PBXTargetDependency;
			target = 5C3DD537279E804F00D1E63E /* checkListPetProject */;
			targetProxy = 5C3DD552279E805000D1E63E /* PBXContainerItemProxy */;
		};
		5C3DD55D279E805000D1E63E /* PBXTargetDependency */ = {
			isa = PBXTargetDependency;
			target = 5C3DD537279E804F00D1E63E /* checkListPetProject */;
			targetProxy = 5C3DD55C279E805000D1E63E /* PBXContainerItemProxy */;
		};
/* End PBXTargetDependency section */

/* Begin PBXVariantGroup section */
		5C3DD541279E804F00D1E63E /* Main.storyboard */ = {
			isa = PBXVariantGroup;
			children = (
				5C3DD542279E804F00D1E63E /* Base */,
			);
			name = Main.storyboard;
			sourceTree = "<group>";
		};
		5C3DD549279E805000D1E63E /* LaunchScreen.storyboard */ = {
			isa = PBXVariantGroup;
			children = (
				5C3DD54A279E805000D1E63E /* Base */,
			);
			name = LaunchScreen.storyboard;
			sourceTree = "<group>";
		};
/* End PBXVariantGroup section */

/* Begin XCBuildConfiguration section */
		5C3DD563279E805000D1E63E /* Debug */ = {
			isa = XCBuildConfiguration;
			buildSettings = {
				ALWAYS_SEARCH_USER_PATHS = NO;
				CLANG_ANALYZER_NONNULL = YES;
				CLANG_ANALYZER_NUMBER_OBJECT_CONVERSION = YES_AGGRESSIVE;
				CLANG_CXX_LANGUAGE_STANDARD = "gnu++17";
				CLANG_CXX_LIBRARY = "libc++";
				CLANG_ENABLE_MODULES = YES;
				CLANG_ENABLE_OBJC_ARC = YES;
				CLANG_ENABLE_OBJC_WEAK = YES;
				CLANG_WARN_BLOCK_CAPTURE_AUTORELEASING = YES;
				CLANG_WARN_BOOL_CONVERSION = YES;
				CLANG_WARN_COMMA = YES;
				CLANG_WARN_CONSTANT_CONVERSION = YES;
				CLANG_WARN_DEPRECATED_OBJC_IMPLEMENTATIONS = YES;
				CLANG_WARN_DIRECT_OBJC_ISA_USAGE = YES_ERROR;
				CLANG_WARN_DOCUMENTATION_COMMENTS = YES;
				CLANG_WARN_EMPTY_BODY = YES;
				CLANG_WARN_ENUM_CONVERSION = YES;
				CLANG_WARN_INFINITE_RECURSION = YES;
				CLANG_WARN_INT_CONVERSION = YES;
				CLANG_WARN_NON_LITERAL_NULL_CONVERSION = YES;
				CLANG_WARN_OBJC_IMPLICIT_RETAIN_SELF = YES;
				CLANG_WARN_OBJC_LITERAL_CONVERSION = YES;
				CLANG_WARN_OBJC_ROOT_CLASS = YES_ERROR;
				CLANG_WARN_QUOTED_INCLUDE_IN_FRAMEWORK_HEADER = YES;
				CLANG_WARN_RANGE_LOOP_ANALYSIS = YES;
				CLANG_WARN_STRICT_PROTOTYPES = YES;
				CLANG_WARN_SUSPICIOUS_MOVE = YES;
				CLANG_WARN_UNGUARDED_AVAILABILITY = YES_AGGRESSIVE;
				CLANG_WARN_UNREACHABLE_CODE = YES;
				CLANG_WARN__DUPLICATE_METHOD_MATCH = YES;
				COPY_PHASE_STRIP = NO;
				DEBUG_INFORMATION_FORMAT = dwarf;
				ENABLE_STRICT_OBJC_MSGSEND = YES;
				ENABLE_TESTABILITY = YES;
				GCC_C_LANGUAGE_STANDARD = gnu11;
				GCC_DYNAMIC_NO_PIC = NO;
				GCC_NO_COMMON_BLOCKS = YES;
				GCC_OPTIMIZATION_LEVEL = 0;
				GCC_PREPROCESSOR_DEFINITIONS = (
					"DEBUG=1",
					"$(inherited)",
				);
				GCC_WARN_64_TO_32_BIT_CONVERSION = YES;
				GCC_WARN_ABOUT_RETURN_TYPE = YES_ERROR;
				GCC_WARN_UNDECLARED_SELECTOR = YES;
				GCC_WARN_UNINITIALIZED_AUTOS = YES_AGGRESSIVE;
				GCC_WARN_UNUSED_FUNCTION = YES;
				GCC_WARN_UNUSED_VARIABLE = YES;
				IPHONEOS_DEPLOYMENT_TARGET = 15.2;
				MTL_ENABLE_DEBUG_INFO = INCLUDE_SOURCE;
				MTL_FAST_MATH = YES;
				ONLY_ACTIVE_ARCH = YES;
				SDKROOT = iphoneos;
				SWIFT_ACTIVE_COMPILATION_CONDITIONS = DEBUG;
				SWIFT_OPTIMIZATION_LEVEL = "-Onone";
			};
			name = Debug;
		};
		5C3DD564279E805000D1E63E /* Release */ = {
			isa = XCBuildConfiguration;
			buildSettings = {
				ALWAYS_SEARCH_USER_PATHS = NO;
				CLANG_ANALYZER_NONNULL = YES;
				CLANG_ANALYZER_NUMBER_OBJECT_CONVERSION = YES_AGGRESSIVE;
				CLANG_CXX_LANGUAGE_STANDARD = "gnu++17";
				CLANG_CXX_LIBRARY = "libc++";
				CLANG_ENABLE_MODULES = YES;
				CLANG_ENABLE_OBJC_ARC = YES;
				CLANG_ENABLE_OBJC_WEAK = YES;
				CLANG_WARN_BLOCK_CAPTURE_AUTORELEASING = YES;
				CLANG_WARN_BOOL_CONVERSION = YES;
				CLANG_WARN_COMMA = YES;
				CLANG_WARN_CONSTANT_CONVERSION = YES;
				CLANG_WARN_DEPRECATED_OBJC_IMPLEMENTATIONS = YES;
				CLANG_WARN_DIRECT_OBJC_ISA_USAGE = YES_ERROR;
				CLANG_WARN_DOCUMENTATION_COMMENTS = YES;
				CLANG_WARN_EMPTY_BODY = YES;
				CLANG_WARN_ENUM_CONVERSION = YES;
				CLANG_WARN_INFINITE_RECURSION = YES;
				CLANG_WARN_INT_CONVERSION = YES;
				CLANG_WARN_NON_LITERAL_NULL_CONVERSION = YES;
				CLANG_WARN_OBJC_IMPLICIT_RETAIN_SELF = YES;
				CLANG_WARN_OBJC_LITERAL_CONVERSION = YES;
				CLANG_WARN_OBJC_ROOT_CLASS = YES_ERROR;
				CLANG_WARN_QUOTED_INCLUDE_IN_FRAMEWORK_HEADER = YES;
				CLANG_WARN_RANGE_LOOP_ANALYSIS = YES;
				CLANG_WARN_STRICT_PROTOTYPES = YES;
				CLANG_WARN_SUSPICIOUS_MOVE = YES;
				CLANG_WARN_UNGUARDED_AVAILABILITY = YES_AGGRESSIVE;
				CLANG_WARN_UNREACHABLE_CODE = YES;
				CLANG_WARN__DUPLICATE_METHOD_MATCH = YES;
				COPY_PHASE_STRIP = NO;
				DEBUG_INFORMATION_FORMAT = "dwarf-with-dsym";
				ENABLE_NS_ASSERTIONS = NO;
				ENABLE_STRICT_OBJC_MSGSEND = YES;
				GCC_C_LANGUAGE_STANDARD = gnu11;
				GCC_NO_COMMON_BLOCKS = YES;
				GCC_WARN_64_TO_32_BIT_CONVERSION = YES;
				GCC_WARN_ABOUT_RETURN_TYPE = YES_ERROR;
				GCC_WARN_UNDECLARED_SELECTOR = YES;
				GCC_WARN_UNINITIALIZED_AUTOS = YES_AGGRESSIVE;
				GCC_WARN_UNUSED_FUNCTION = YES;
				GCC_WARN_UNUSED_VARIABLE = YES;
				IPHONEOS_DEPLOYMENT_TARGET = 15.2;
				MTL_ENABLE_DEBUG_INFO = NO;
				MTL_FAST_MATH = YES;
				SDKROOT = iphoneos;
				SWIFT_COMPILATION_MODE = wholemodule;
				SWIFT_OPTIMIZATION_LEVEL = "-O";
				VALIDATE_PRODUCT = YES;
			};
			name = Release;
		};
		5C3DD566279E805000D1E63E /* Debug */ = {
			isa = XCBuildConfiguration;
			buildSettings = {
				ASSETCATALOG_COMPILER_APPICON_NAME = AppIcon;
				ASSETCATALOG_COMPILER_GLOBAL_ACCENT_COLOR_NAME = AccentColor;
				CODE_SIGN_STYLE = Automatic;
				CURRENT_PROJECT_VERSION = 1;
				GENERATE_INFOPLIST_FILE = YES;
				INFOPLIST_FILE = checkListPetProject/Info.plist;
				INFOPLIST_KEY_UIApplicationSupportsIndirectInputEvents = YES;
				INFOPLIST_KEY_UILaunchStoryboardName = LaunchScreen;
				INFOPLIST_KEY_UIMainStoryboardFile = Main;
				INFOPLIST_KEY_UISupportedInterfaceOrientations_iPad = "UIInterfaceOrientationPortrait UIInterfaceOrientationPortraitUpsideDown UIInterfaceOrientationLandscapeLeft UIInterfaceOrientationLandscapeRight";
				INFOPLIST_KEY_UISupportedInterfaceOrientations_iPhone = "UIInterfaceOrientationPortrait UIInterfaceOrientationLandscapeLeft UIInterfaceOrientationLandscapeRight";
				LD_RUNPATH_SEARCH_PATHS = (
					"$(inherited)",
					"@executable_path/Frameworks",
				);
				MARKETING_VERSION = 1.0;
				PRODUCT_BUNDLE_IDENTIFIER = me.checkListPetProject;
				PRODUCT_NAME = "$(TARGET_NAME)";
				SWIFT_EMIT_LOC_STRINGS = YES;
				SWIFT_VERSION = 5.0;
				TARGETED_DEVICE_FAMILY = "1,2";
			};
			name = Debug;
		};
		5C3DD567279E805000D1E63E /* Release */ = {
			isa = XCBuildConfiguration;
			buildSettings = {
				ASSETCATALOG_COMPILER_APPICON_NAME = AppIcon;
				ASSETCATALOG_COMPILER_GLOBAL_ACCENT_COLOR_NAME = AccentColor;
				CODE_SIGN_STYLE = Automatic;
				CURRENT_PROJECT_VERSION = 1;
				GENERATE_INFOPLIST_FILE = YES;
				INFOPLIST_FILE = checkListPetProject/Info.plist;
				INFOPLIST_KEY_UIApplicationSupportsIndirectInputEvents = YES;
				INFOPLIST_KEY_UILaunchStoryboardName = LaunchScreen;
				INFOPLIST_KEY_UIMainStoryboardFile = Main;
				INFOPLIST_KEY_UISupportedInterfaceOrientations_iPad = "UIInterfaceOrientationPortrait UIInterfaceOrientationPortraitUpsideDown UIInterfaceOrientationLandscapeLeft UIInterfaceOrientationLandscapeRight";
				INFOPLIST_KEY_UISupportedInterfaceOrientations_iPhone = "UIInterfaceOrientationPortrait UIInterfaceOrientationLandscapeLeft UIInterfaceOrientationLandscapeRight";
				LD_RUNPATH_SEARCH_PATHS = (
					"$(inherited)",
					"@executable_path/Frameworks",
				);
				MARKETING_VERSION = 1.0;
				PRODUCT_BUNDLE_IDENTIFIER = me.checkListPetProject;
				PRODUCT_NAME = "$(TARGET_NAME)";
				SWIFT_EMIT_LOC_STRINGS = YES;
				SWIFT_VERSION = 5.0;
				TARGETED_DEVICE_FAMILY = "1,2";
			};
			name = Release;
		};
		5C3DD569279E805000D1E63E /* Debug */ = {
			isa = XCBuildConfiguration;
			buildSettings = {
				ALWAYS_EMBED_SWIFT_STANDARD_LIBRARIES = YES;
				BUNDLE_LOADER = "$(TEST_HOST)";
				CODE_SIGN_STYLE = Automatic;
				CURRENT_PROJECT_VERSION = 1;
				GENERATE_INFOPLIST_FILE = YES;
				IPHONEOS_DEPLOYMENT_TARGET = 15.2;
				MARKETING_VERSION = 1.0;
				PRODUCT_BUNDLE_IDENTIFIER = me.checkListPetProjectTests;
				PRODUCT_NAME = "$(TARGET_NAME)";
				SWIFT_EMIT_LOC_STRINGS = NO;
				SWIFT_VERSION = 5.0;
				TARGETED_DEVICE_FAMILY = "1,2";
				TEST_HOST = "$(BUILT_PRODUCTS_DIR)/checkListPetProject.app/checkListPetProject";
			};
			name = Debug;
		};
		5C3DD56A279E805000D1E63E /* Release */ = {
			isa = XCBuildConfiguration;
			buildSettings = {
				ALWAYS_EMBED_SWIFT_STANDARD_LIBRARIES = YES;
				BUNDLE_LOADER = "$(TEST_HOST)";
				CODE_SIGN_STYLE = Automatic;
				CURRENT_PROJECT_VERSION = 1;
				GENERATE_INFOPLIST_FILE = YES;
				IPHONEOS_DEPLOYMENT_TARGET = 15.2;
				MARKETING_VERSION = 1.0;
				PRODUCT_BUNDLE_IDENTIFIER = me.checkListPetProjectTests;
				PRODUCT_NAME = "$(TARGET_NAME)";
				SWIFT_EMIT_LOC_STRINGS = NO;
				SWIFT_VERSION = 5.0;
				TARGETED_DEVICE_FAMILY = "1,2";
				TEST_HOST = "$(BUILT_PRODUCTS_DIR)/checkListPetProject.app/checkListPetProject";
			};
			name = Release;
		};
		5C3DD56C279E805000D1E63E /* Debug */ = {
			isa = XCBuildConfiguration;
			buildSettings = {
				ALWAYS_EMBED_SWIFT_STANDARD_LIBRARIES = YES;
				CODE_SIGN_STYLE = Automatic;
				CURRENT_PROJECT_VERSION = 1;
				GENERATE_INFOPLIST_FILE = YES;
				MARKETING_VERSION = 1.0;
				PRODUCT_BUNDLE_IDENTIFIER = me.checkListPetProjectUITests;
				PRODUCT_NAME = "$(TARGET_NAME)";
				SWIFT_EMIT_LOC_STRINGS = NO;
				SWIFT_VERSION = 5.0;
				TARGETED_DEVICE_FAMILY = "1,2";
				TEST_TARGET_NAME = checkListPetProject;
			};
			name = Debug;
		};
		5C3DD56D279E805000D1E63E /* Release */ = {
			isa = XCBuildConfiguration;
			buildSettings = {
				ALWAYS_EMBED_SWIFT_STANDARD_LIBRARIES = YES;
				CODE_SIGN_STYLE = Automatic;
				CURRENT_PROJECT_VERSION = 1;
				GENERATE_INFOPLIST_FILE = YES;
				MARKETING_VERSION = 1.0;
				PRODUCT_BUNDLE_IDENTIFIER = me.checkListPetProjectUITests;
				PRODUCT_NAME = "$(TARGET_NAME)";
				SWIFT_EMIT_LOC_STRINGS = NO;
				SWIFT_VERSION = 5.0;
				TARGETED_DEVICE_FAMILY = "1,2";
				TEST_TARGET_NAME = checkListPetProject;
			};
			name = Release;
		};
/* End XCBuildConfiguration section */

/* Begin XCConfigurationList section */
		5C3DD533279E804F00D1E63E /* Build configuration list for PBXProject "checkListPetProject" */ = {
			isa = XCConfigurationList;
			buildConfigurations = (
				5C3DD563279E805000D1E63E /* Debug */,
				5C3DD564279E805000D1E63E /* Release */,
			);
			defaultConfigurationIsVisible = 0;
			defaultConfigurationName = Release;
		};
		5C3DD565279E805000D1E63E /* Build configuration list for PBXNativeTarget "checkListPetProject" */ = {
			isa = XCConfigurationList;
			buildConfigurations = (
				5C3DD566279E805000D1E63E /* Debug */,
				5C3DD567279E805000D1E63E /* Release */,
			);
			defaultConfigurationIsVisible = 0;
			defaultConfigurationName = Release;
		};
		5C3DD568279E805000D1E63E /* Build configuration list for PBXNativeTarget "checkListPetProjectTests" */ = {
			isa = XCConfigurationList;
			buildConfigurations = (
				5C3DD569279E805000D1E63E /* Debug */,
				5C3DD56A279E805000D1E63E /* Release */,
			);
			defaultConfigurationIsVisible = 0;
			defaultConfigurationName = Release;
		};
		5C3DD56B279E805000D1E63E /* Build configuration list for PBXNativeTarget "checkListPetProjectUITests" */ = {
			isa = XCConfigurationList;
			buildConfigurations = (
				5C3DD56C279E805000D1E63E /* Debug */,
				5C3DD56D279E805000D1E63E /* Release */,
			);
			defaultConfigurationIsVisible = 0;
			defaultConfigurationName = Release;
		};
/* End XCConfigurationList section */

/* Begin XCVersionGroup section */
		5C3DD544279E804F00D1E63E /* checkListPetProject.xcdatamodeld */ = {
			isa = XCVersionGroup;
			children = (
				5C3DD545279E804F00D1E63E /* checkListPetProject.xcdatamodel */,
			);
			currentVersion = 5C3DD545279E804F00D1E63E /* checkListPetProject.xcdatamodel */;
			path = checkListPetProject.xcdatamodeld;
			sourceTree = "<group>";
			versionGroupType = wrapper.xcdatamodel;
		};
/* End XCVersionGroup section */
	};
	rootObject = 5C3DD530279E804F00D1E63E /* Project object */;
}
